// !$*UTF8*$!
{
	archiveVersion = 1;
	classes = {
	};
	objectVersion = 50;
	objects = {

/* Begin PBXBuildFile section */
		463786692466D6CF00B77415 /* AppDelegate.swift in Sources */ = {isa = PBXBuildFile; fileRef = 463786682466D6CF00B77415 /* AppDelegate.swift */; };
		4637866B2466D6CF00B77415 /* SceneDelegate.swift in Sources */ = {isa = PBXBuildFile; fileRef = 4637866A2466D6CF00B77415 /* SceneDelegate.swift */; };
		4637866D2466D6CF00B77415 /* ViewController.swift in Sources */ = {isa = PBXBuildFile; fileRef = 4637866C2466D6CF00B77415 /* ViewController.swift */; };
		463786702466D6CF00B77415 /* Main.storyboard in Resources */ = {isa = PBXBuildFile; fileRef = 4637866E2466D6CF00B77415 /* Main.storyboard */; };
		463786722466D6D000B77415 /* Assets.xcassets in Resources */ = {isa = PBXBuildFile; fileRef = 463786712466D6D000B77415 /* Assets.xcassets */; };
		463786752466D6D000B77415 /* LaunchScreen.storyboard in Resources */ = {isa = PBXBuildFile; fileRef = 463786732466D6D000B77415 /* LaunchScreen.storyboard */; };
		4637867F2466D7D300B77415 /* GameView.swift in Sources */ = {isa = PBXBuildFile; fileRef = 4637867E2466D7D300B77415 /* GameView.swift */; };
		463786842466DC3800B77415 /* Shaders.metal in Sources */ = {isa = PBXBuildFile; fileRef = 463786832466DC3800B77415 /* Shaders.metal */; };
		463786872466E0DC00B77415 /* SIMD+extensions.swift in Sources */ = {isa = PBXBuildFile; fileRef = 463786862466E0DC00B77415 /* SIMD+extensions.swift */; };
		4637868C2466FC8F00B77415 /* Vertices.swift in Sources */ = {isa = PBXBuildFile; fileRef = 4637868B2466FC8F00B77415 /* Vertices.swift */; };
		463786902466FF9200B77415 /* Engine.swift in Sources */ = {isa = PBXBuildFile; fileRef = 4637868F2466FF9200B77415 /* Engine.swift */; };
		463786922467016500B77415 /* MTLClearColors+extensions.swift in Sources */ = {isa = PBXBuildFile; fileRef = 463786912467016500B77415 /* MTLClearColors+extensions.swift */; };
		46378694246701BF00B77415 /* MTLPixelFormat+extensions.swift in Sources */ = {isa = PBXBuildFile; fileRef = 46378693246701BF00B77415 /* MTLPixelFormat+extensions.swift */; };
		463786962467029E00B77415 /* ShaderLibrary.swift in Sources */ = {isa = PBXBuildFile; fileRef = 463786952467029E00B77415 /* ShaderLibrary.swift */; };
		463786982467041C00B77415 /* Shaders.swift in Sources */ = {isa = PBXBuildFile; fileRef = 463786972467041C00B77415 /* Shaders.swift */; };
		4637869A2467086300B77415 /* VertexDescriptorLibrary.swift in Sources */ = {isa = PBXBuildFile; fileRef = 463786992467086300B77415 /* VertexDescriptorLibrary.swift */; };
		4637869C2467092C00B77415 /* VertexDescriptor.swift in Sources */ = {isa = PBXBuildFile; fileRef = 4637869B2467092C00B77415 /* VertexDescriptor.swift */; };
		4637869E24670A4300B77415 /* RenderPipelineDescriptorLibrary.swift in Sources */ = {isa = PBXBuildFile; fileRef = 4637869D24670A4300B77415 /* RenderPipelineDescriptorLibrary.swift */; };
		463786A024670A9D00B77415 /* RenderPipelineDescriptor.swift in Sources */ = {isa = PBXBuildFile; fileRef = 4637869F24670A9D00B77415 /* RenderPipelineDescriptor.swift */; };
		463786A224670E0D00B77415 /* RenderPipelineStateLibrary.swift in Sources */ = {isa = PBXBuildFile; fileRef = 463786A124670E0D00B77415 /* RenderPipelineStateLibrary.swift */; };
		463786A424670E1E00B77415 /* RenderPipelineState.swift in Sources */ = {isa = PBXBuildFile; fileRef = 463786A324670E1E00B77415 /* RenderPipelineState.swift */; };
		463786A62467103F00B77415 /* Preferences.swift in Sources */ = {isa = PBXBuildFile; fileRef = 463786A52467103F00B77415 /* Preferences.swift */; };
		463786A924672D9100B77415 /* GameObject.swift in Sources */ = {isa = PBXBuildFile; fileRef = 463786A824672D9100B77415 /* GameObject.swift */; };
		463786AB2467336A00B77415 /* Renderer.swift in Sources */ = {isa = PBXBuildFile; fileRef = 463786AA2467336A00B77415 /* Renderer.swift */; };
		46CE30EC246738C60097B4CE /* MeshLibrary.swift in Sources */ = {isa = PBXBuildFile; fileRef = 46CE30EB246738C60097B4CE /* MeshLibrary.swift */; };
		46CE30EE246739AD0097B4CE /* Meshes.swift in Sources */ = {isa = PBXBuildFile; fileRef = 46CE30ED246739AD0097B4CE /* Meshes.swift */; };
		46CE30F0246742150097B4CE /* Player.swift in Sources */ = {isa = PBXBuildFile; fileRef = 46CE30EF246742150097B4CE /* Player.swift */; };
		46CE30F2246743070097B4CE /* Node.swift in Sources */ = {isa = PBXBuildFile; fileRef = 46CE30F1246743070097B4CE /* Node.swift */; };
		46CE30F5246743B30097B4CE /* Renderable.swift in Sources */ = {isa = PBXBuildFile; fileRef = 46CE30F4246743B30097B4CE /* Renderable.swift */; };
/* End PBXBuildFile section */

/* Begin PBXFileReference section */
		463786652466D6CF00B77415 /* swift-metal-engine.app */ = {isa = PBXFileReference; explicitFileType = wrapper.application; includeInIndex = 0; path = "swift-metal-engine.app"; sourceTree = BUILT_PRODUCTS_DIR; };
		463786682466D6CF00B77415 /* AppDelegate.swift */ = {isa = PBXFileReference; lastKnownFileType = sourcecode.swift; path = AppDelegate.swift; sourceTree = "<group>"; };
		4637866A2466D6CF00B77415 /* SceneDelegate.swift */ = {isa = PBXFileReference; lastKnownFileType = sourcecode.swift; path = SceneDelegate.swift; sourceTree = "<group>"; };
		4637866C2466D6CF00B77415 /* ViewController.swift */ = {isa = PBXFileReference; lastKnownFileType = sourcecode.swift; path = ViewController.swift; sourceTree = "<group>"; };
		4637866F2466D6CF00B77415 /* Base */ = {isa = PBXFileReference; lastKnownFileType = file.storyboard; name = Base; path = Base.lproj/Main.storyboard; sourceTree = "<group>"; };
		463786712466D6D000B77415 /* Assets.xcassets */ = {isa = PBXFileReference; lastKnownFileType = folder.assetcatalog; path = Assets.xcassets; sourceTree = "<group>"; };
		463786742466D6D000B77415 /* Base */ = {isa = PBXFileReference; lastKnownFileType = file.storyboard; name = Base; path = Base.lproj/LaunchScreen.storyboard; sourceTree = "<group>"; };
		463786762466D6D000B77415 /* Info.plist */ = {isa = PBXFileReference; lastKnownFileType = text.plist.xml; path = Info.plist; sourceTree = "<group>"; };
		4637867E2466D7D300B77415 /* GameView.swift */ = {isa = PBXFileReference; lastKnownFileType = sourcecode.swift; path = GameView.swift; sourceTree = "<group>"; };
		463786832466DC3800B77415 /* Shaders.metal */ = {isa = PBXFileReference; lastKnownFileType = sourcecode.metal; path = Shaders.metal; sourceTree = "<group>"; };
		463786862466E0DC00B77415 /* SIMD+extensions.swift */ = {isa = PBXFileReference; lastKnownFileType = sourcecode.swift; path = "SIMD+extensions.swift"; sourceTree = "<group>"; };
		4637868B2466FC8F00B77415 /* Vertices.swift */ = {isa = PBXFileReference; lastKnownFileType = sourcecode.swift; path = Vertices.swift; sourceTree = "<group>"; };
		4637868F2466FF9200B77415 /* Engine.swift */ = {isa = PBXFileReference; lastKnownFileType = sourcecode.swift; path = Engine.swift; sourceTree = "<group>"; };
		463786912467016500B77415 /* MTLClearColors+extensions.swift */ = {isa = PBXFileReference; lastKnownFileType = sourcecode.swift; path = "MTLClearColors+extensions.swift"; sourceTree = "<group>"; };
		46378693246701BF00B77415 /* MTLPixelFormat+extensions.swift */ = {isa = PBXFileReference; lastKnownFileType = sourcecode.swift; path = "MTLPixelFormat+extensions.swift"; sourceTree = "<group>"; };
		463786952467029E00B77415 /* ShaderLibrary.swift */ = {isa = PBXFileReference; lastKnownFileType = sourcecode.swift; path = ShaderLibrary.swift; sourceTree = "<group>"; };
		463786972467041C00B77415 /* Shaders.swift */ = {isa = PBXFileReference; lastKnownFileType = sourcecode.swift; path = Shaders.swift; sourceTree = "<group>"; };
		463786992467086300B77415 /* VertexDescriptorLibrary.swift */ = {isa = PBXFileReference; lastKnownFileType = sourcecode.swift; path = VertexDescriptorLibrary.swift; sourceTree = "<group>"; };
		4637869B2467092C00B77415 /* VertexDescriptor.swift */ = {isa = PBXFileReference; lastKnownFileType = sourcecode.swift; path = VertexDescriptor.swift; sourceTree = "<group>"; };
		4637869D24670A4300B77415 /* RenderPipelineDescriptorLibrary.swift */ = {isa = PBXFileReference; lastKnownFileType = sourcecode.swift; path = RenderPipelineDescriptorLibrary.swift; sourceTree = "<group>"; };
		4637869F24670A9D00B77415 /* RenderPipelineDescriptor.swift */ = {isa = PBXFileReference; lastKnownFileType = sourcecode.swift; path = RenderPipelineDescriptor.swift; sourceTree = "<group>"; };
		463786A124670E0D00B77415 /* RenderPipelineStateLibrary.swift */ = {isa = PBXFileReference; lastKnownFileType = sourcecode.swift; path = RenderPipelineStateLibrary.swift; sourceTree = "<group>"; };
		463786A324670E1E00B77415 /* RenderPipelineState.swift */ = {isa = PBXFileReference; lastKnownFileType = sourcecode.swift; path = RenderPipelineState.swift; sourceTree = "<group>"; };
		463786A52467103F00B77415 /* Preferences.swift */ = {isa = PBXFileReference; lastKnownFileType = sourcecode.swift; path = Preferences.swift; sourceTree = "<group>"; };
		463786A824672D9100B77415 /* GameObject.swift */ = {isa = PBXFileReference; lastKnownFileType = sourcecode.swift; path = GameObject.swift; sourceTree = "<group>"; };
		463786AA2467336A00B77415 /* Renderer.swift */ = {isa = PBXFileReference; lastKnownFileType = sourcecode.swift; path = Renderer.swift; sourceTree = "<group>"; };
		46CE30EB246738C60097B4CE /* MeshLibrary.swift */ = {isa = PBXFileReference; lastKnownFileType = sourcecode.swift; path = MeshLibrary.swift; sourceTree = "<group>"; };
		46CE30ED246739AD0097B4CE /* Meshes.swift */ = {isa = PBXFileReference; lastKnownFileType = sourcecode.swift; path = Meshes.swift; sourceTree = "<group>"; };
		46CE30EF246742150097B4CE /* Player.swift */ = {isa = PBXFileReference; lastKnownFileType = sourcecode.swift; path = Player.swift; sourceTree = "<group>"; };
		46CE30F1246743070097B4CE /* Node.swift */ = {isa = PBXFileReference; lastKnownFileType = sourcecode.swift; path = Node.swift; sourceTree = "<group>"; };
		46CE30F4246743B30097B4CE /* Renderable.swift */ = {isa = PBXFileReference; lastKnownFileType = sourcecode.swift; path = Renderable.swift; sourceTree = "<group>"; };
/* End PBXFileReference section */

/* Begin PBXFrameworksBuildPhase section */
		463786622466D6CF00B77415 /* Frameworks */ = {
			isa = PBXFrameworksBuildPhase;
			buildActionMask = 2147483647;
			files = (
			);
			runOnlyForDeploymentPostprocessing = 0;
		};
/* End PBXFrameworksBuildPhase section */

/* Begin PBXGroup section */
		4637865C2466D6CF00B77415 = {
			isa = PBXGroup;
			children = (
				463786672466D6CF00B77415 /* swift-metal-engine */,
				463786662466D6CF00B77415 /* Products */,
			);
			sourceTree = "<group>";
		};
		463786662466D6CF00B77415 /* Products */ = {
			isa = PBXGroup;
			children = (
				463786652466D6CF00B77415 /* swift-metal-engine.app */,
			);
			name = Products;
			sourceTree = "<group>";
		};
		463786672466D6CF00B77415 /* swift-metal-engine */ = {
			isa = PBXGroup;
			children = (
				463786852466E0D100B77415 /* Helpers */,
				4637868E2466FF8900B77415 /* Core */,
				4637868D2466FF0400B77415 /* Libraries */,
				463786A724672D6300B77415 /* Game */,
				4637868A2466FC7C00B77415 /* Model */,
				4637867D2466D6F100B77415 /* Main */,
				463786802466DC1B00B77415 /* Controllers */,
				463786812466DC2500B77415 /* Views */,
				463786822466DC2D00B77415 /* Shaders */,
				4637867C2466D6E400B77415 /* Supporting Files */,
			);
			path = "swift-metal-engine";
			sourceTree = "<group>";
		};
		4637867C2466D6E400B77415 /* Supporting Files */ = {
			isa = PBXGroup;
			children = (
				463786712466D6D000B77415 /* Assets.xcassets */,
				463786732466D6D000B77415 /* LaunchScreen.storyboard */,
				463786762466D6D000B77415 /* Info.plist */,
			);
			path = "Supporting Files";
			sourceTree = "<group>";
		};
		4637867D2466D6F100B77415 /* Main */ = {
			isa = PBXGroup;
			children = (
				463786682466D6CF00B77415 /* AppDelegate.swift */,
				4637866A2466D6CF00B77415 /* SceneDelegate.swift */,
			);
			path = Main;
			sourceTree = "<group>";
		};
		463786802466DC1B00B77415 /* Controllers */ = {
			isa = PBXGroup;
			children = (
				4637866C2466D6CF00B77415 /* ViewController.swift */,
			);
			path = Controllers;
			sourceTree = "<group>";
		};
		463786812466DC2500B77415 /* Views */ = {
			isa = PBXGroup;
			children = (
				463786AA2467336A00B77415 /* Renderer.swift */,
				4637867E2466D7D300B77415 /* GameView.swift */,
				4637866E2466D6CF00B77415 /* Main.storyboard */,
			);
			path = Views;
			sourceTree = "<group>";
		};
		463786822466DC2D00B77415 /* Shaders */ = {
			isa = PBXGroup;
			children = (
				463786832466DC3800B77415 /* Shaders.metal */,
			);
			path = Shaders;
			sourceTree = "<group>";
		};
		463786852466E0D100B77415 /* Helpers */ = {
			isa = PBXGroup;
			children = (
				463786862466E0DC00B77415 /* SIMD+extensions.swift */,
			);
			path = Helpers;
			sourceTree = "<group>";
		};
		4637868A2466FC7C00B77415 /* Model */ = {
			isa = PBXGroup;
			children = (
				4637868B2466FC8F00B77415 /* Vertices.swift */,
				463786972467041C00B77415 /* Shaders.swift */,
				4637869B2467092C00B77415 /* VertexDescriptor.swift */,
				4637869F24670A9D00B77415 /* RenderPipelineDescriptor.swift */,
				463786A324670E1E00B77415 /* RenderPipelineState.swift */,
				46CE30ED246739AD0097B4CE /* Meshes.swift */,
			);
			path = Model;
			sourceTree = "<group>";
		};
		4637868D2466FF0400B77415 /* Libraries */ = {
			isa = PBXGroup;
			children = (
				463786952467029E00B77415 /* ShaderLibrary.swift */,
				463786992467086300B77415 /* VertexDescriptorLibrary.swift */,
				4637869D24670A4300B77415 /* RenderPipelineDescriptorLibrary.swift */,
				463786A124670E0D00B77415 /* RenderPipelineStateLibrary.swift */,
				46CE30EB246738C60097B4CE /* MeshLibrary.swift */,
			);
			path = Libraries;
			sourceTree = "<group>";
		};
		4637868E2466FF8900B77415 /* Core */ = {
			isa = PBXGroup;
			children = (
				4637868F2466FF9200B77415 /* Engine.swift */,
				463786912467016500B77415 /* MTLClearColors+extensions.swift */,
				46378693246701BF00B77415 /* MTLPixelFormat+extensions.swift */,
				463786A52467103F00B77415 /* Preferences.swift */,
			);
			path = Core;
			sourceTree = "<group>";
		};
		463786A724672D6300B77415 /* Game */ = {
			isa = PBXGroup;
			children = (
				46CE30F3246743A50097B4CE /* Protocols */,
				46CE30F62467445F0097B4CE /* Game Objects */,
				46CE30F1246743070097B4CE /* Node.swift */,
			);
			path = Game;
			sourceTree = "<group>";
		};
		46CE30F3246743A50097B4CE /* Protocols */ = {
			isa = PBXGroup;
			children = (
				46CE30F4246743B30097B4CE /* Renderable.swift */,
			);
			path = Protocols;
			sourceTree = "<group>";
		};
		46CE30F62467445F0097B4CE /* Game Objects */ = {
			isa = PBXGroup;
			children = (
				463786A824672D9100B77415 /* GameObject.swift */,
				46CE30EF246742150097B4CE /* Player.swift */,
			);
			path = "Game Objects";
			sourceTree = "<group>";
		};
/* End PBXGroup section */

/* Begin PBXNativeTarget section */
		463786642466D6CF00B77415 /* swift-metal-engine */ = {
			isa = PBXNativeTarget;
			buildConfigurationList = 463786792466D6D000B77415 /* Build configuration list for PBXNativeTarget "swift-metal-engine" */;
			buildPhases = (
				463786612466D6CF00B77415 /* Sources */,
				463786622466D6CF00B77415 /* Frameworks */,
				463786632466D6CF00B77415 /* Resources */,
			);
			buildRules = (
			);
			dependencies = (
			);
			name = "swift-metal-engine";
			productName = "swift-metal-engine";
			productReference = 463786652466D6CF00B77415 /* swift-metal-engine.app */;
			productType = "com.apple.product-type.application";
		};
/* End PBXNativeTarget section */

/* Begin PBXProject section */
		4637865D2466D6CF00B77415 /* Project object */ = {
			isa = PBXProject;
			attributes = {
				LastSwiftUpdateCheck = 1130;
				LastUpgradeCheck = 1130;
				ORGANIZATIONNAME = "Christophe Bugnon";
				TargetAttributes = {
					463786642466D6CF00B77415 = {
						CreatedOnToolsVersion = 11.3;
					};
				};
			};
			buildConfigurationList = 463786602466D6CF00B77415 /* Build configuration list for PBXProject "swift-metal-engine" */;
			compatibilityVersion = "Xcode 9.3";
			developmentRegion = en;
			hasScannedForEncodings = 0;
			knownRegions = (
				en,
				Base,
			);
			mainGroup = 4637865C2466D6CF00B77415;
			productRefGroup = 463786662466D6CF00B77415 /* Products */;
			projectDirPath = "";
			projectRoot = "";
			targets = (
				463786642466D6CF00B77415 /* swift-metal-engine */,
			);
		};
/* End PBXProject section */

/* Begin PBXResourcesBuildPhase section */
		463786632466D6CF00B77415 /* Resources */ = {
			isa = PBXResourcesBuildPhase;
			buildActionMask = 2147483647;
			files = (
				463786752466D6D000B77415 /* LaunchScreen.storyboard in Resources */,
				463786722466D6D000B77415 /* Assets.xcassets in Resources */,
				463786702466D6CF00B77415 /* Main.storyboard in Resources */,
			);
			runOnlyForDeploymentPostprocessing = 0;
		};
/* End PBXResourcesBuildPhase section */

/* Begin PBXSourcesBuildPhase section */
		463786612466D6CF00B77415 /* Sources */ = {
			isa = PBXSourcesBuildPhase;
			buildActionMask = 2147483647;
			files = (
				4637869C2467092C00B77415 /* VertexDescriptor.swift in Sources */,
				46CE30F2246743070097B4CE /* Node.swift in Sources */,
				463786A924672D9100B77415 /* GameObject.swift in Sources */,
				463786982467041C00B77415 /* Shaders.swift in Sources */,
				4637866D2466D6CF00B77415 /* ViewController.swift in Sources */,
				46CE30F0246742150097B4CE /* Player.swift in Sources */,
				463786692466D6CF00B77415 /* AppDelegate.swift in Sources */,
				463786872466E0DC00B77415 /* SIMD+extensions.swift in Sources */,
				46CE30EE246739AD0097B4CE /* Meshes.swift in Sources */,
				4637869A2467086300B77415 /* VertexDescriptorLibrary.swift in Sources */,
				46378694246701BF00B77415 /* MTLPixelFormat+extensions.swift in Sources */,
				46CE30F5246743B30097B4CE /* Renderable.swift in Sources */,
				463786922467016500B77415 /* MTLClearColors+extensions.swift in Sources */,
				4637867F2466D7D300B77415 /* GameView.swift in Sources */,
				4637866B2466D6CF00B77415 /* SceneDelegate.swift in Sources */,
				463786A62467103F00B77415 /* Preferences.swift in Sources */,
				4637869E24670A4300B77415 /* RenderPipelineDescriptorLibrary.swift in Sources */,
				463786902466FF9200B77415 /* Engine.swift in Sources */,
				4637868C2466FC8F00B77415 /* Vertices.swift in Sources */,
				463786A424670E1E00B77415 /* RenderPipelineState.swift in Sources */,
				46CE30EC246738C60097B4CE /* MeshLibrary.swift in Sources */,
				463786AB2467336A00B77415 /* Renderer.swift in Sources */,
				463786A224670E0D00B77415 /* RenderPipelineStateLibrary.swift in Sources */,
				463786842466DC3800B77415 /* Shaders.metal in Sources */,
				463786A024670A9D00B77415 /* RenderPipelineDescriptor.swift in Sources */,
				463786962467029E00B77415 /* ShaderLibrary.swift in Sources */,
			);
			runOnlyForDeploymentPostprocessing = 0;
		};
/* End PBXSourcesBuildPhase section */

/* Begin PBXVariantGroup section */
		4637866E2466D6CF00B77415 /* Main.storyboard */ = {
			isa = PBXVariantGroup;
			children = (
				4637866F2466D6CF00B77415 /* Base */,
			);
			name = Main.storyboard;
			sourceTree = "<group>";
		};
		463786732466D6D000B77415 /* LaunchScreen.storyboard */ = {
			isa = PBXVariantGroup;
			children = (
				463786742466D6D000B77415 /* Base */,
			);
			name = LaunchScreen.storyboard;
			sourceTree = "<group>";
		};
/* End PBXVariantGroup section */

/* Begin XCBuildConfiguration section */
		463786772466D6D000B77415 /* Debug */ = {
			isa = XCBuildConfiguration;
			buildSettings = {
				ALWAYS_SEARCH_USER_PATHS = NO;
				CLANG_ANALYZER_NONNULL = YES;
				CLANG_ANALYZER_NUMBER_OBJECT_CONVERSION = YES_AGGRESSIVE;
				CLANG_CXX_LANGUAGE_STANDARD = "gnu++14";
				CLANG_CXX_LIBRARY = "libc++";
				CLANG_ENABLE_MODULES = YES;
				CLANG_ENABLE_OBJC_ARC = YES;
				CLANG_ENABLE_OBJC_WEAK = YES;
				CLANG_WARN_BLOCK_CAPTURE_AUTORELEASING = YES;
				CLANG_WARN_BOOL_CONVERSION = YES;
				CLANG_WARN_COMMA = YES;
				CLANG_WARN_CONSTANT_CONVERSION = YES;
				CLANG_WARN_DEPRECATED_OBJC_IMPLEMENTATIONS = YES;
				CLANG_WARN_DIRECT_OBJC_ISA_USAGE = YES_ERROR;
				CLANG_WARN_DOCUMENTATION_COMMENTS = YES;
				CLANG_WARN_EMPTY_BODY = YES;
				CLANG_WARN_ENUM_CONVERSION = YES;
				CLANG_WARN_INFINITE_RECURSION = YES;
				CLANG_WARN_INT_CONVERSION = YES;
				CLANG_WARN_NON_LITERAL_NULL_CONVERSION = YES;
				CLANG_WARN_OBJC_IMPLICIT_RETAIN_SELF = YES;
				CLANG_WARN_OBJC_LITERAL_CONVERSION = YES;
				CLANG_WARN_OBJC_ROOT_CLASS = YES_ERROR;
				CLANG_WARN_RANGE_LOOP_ANALYSIS = YES;
				CLANG_WARN_STRICT_PROTOTYPES = YES;
				CLANG_WARN_SUSPICIOUS_MOVE = YES;
				CLANG_WARN_UNGUARDED_AVAILABILITY = YES_AGGRESSIVE;
				CLANG_WARN_UNREACHABLE_CODE = YES;
				CLANG_WARN__DUPLICATE_METHOD_MATCH = YES;
				COPY_PHASE_STRIP = NO;
				DEBUG_INFORMATION_FORMAT = dwarf;
				ENABLE_STRICT_OBJC_MSGSEND = YES;
				ENABLE_TESTABILITY = YES;
				GCC_C_LANGUAGE_STANDARD = gnu11;
				GCC_DYNAMIC_NO_PIC = NO;
				GCC_NO_COMMON_BLOCKS = YES;
				GCC_OPTIMIZATION_LEVEL = 0;
				GCC_PREPROCESSOR_DEFINITIONS = (
					"DEBUG=1",
					"$(inherited)",
				);
				GCC_WARN_64_TO_32_BIT_CONVERSION = YES;
				GCC_WARN_ABOUT_RETURN_TYPE = YES_ERROR;
				GCC_WARN_UNDECLARED_SELECTOR = YES;
				GCC_WARN_UNINITIALIZED_AUTOS = YES_AGGRESSIVE;
				GCC_WARN_UNUSED_FUNCTION = YES;
				GCC_WARN_UNUSED_VARIABLE = YES;
				IPHONEOS_DEPLOYMENT_TARGET = 13.2;
				MTL_ENABLE_DEBUG_INFO = INCLUDE_SOURCE;
				MTL_FAST_MATH = YES;
				ONLY_ACTIVE_ARCH = YES;
				SDKROOT = iphoneos;
				SWIFT_ACTIVE_COMPILATION_CONDITIONS = DEBUG;
				SWIFT_OPTIMIZATION_LEVEL = "-Onone";
			};
			name = Debug;
		};
		463786782466D6D000B77415 /* Release */ = {
			isa = XCBuildConfiguration;
			buildSettings = {
				ALWAYS_SEARCH_USER_PATHS = NO;
				CLANG_ANALYZER_NONNULL = YES;
				CLANG_ANALYZER_NUMBER_OBJECT_CONVERSION = YES_AGGRESSIVE;
				CLANG_CXX_LANGUAGE_STANDARD = "gnu++14";
				CLANG_CXX_LIBRARY = "libc++";
				CLANG_ENABLE_MODULES = YES;
				CLANG_ENABLE_OBJC_ARC = YES;
				CLANG_ENABLE_OBJC_WEAK = YES;
				CLANG_WARN_BLOCK_CAPTURE_AUTORELEASING = YES;
				CLANG_WARN_BOOL_CONVERSION = YES;
				CLANG_WARN_COMMA = YES;
				CLANG_WARN_CONSTANT_CONVERSION = YES;
				CLANG_WARN_DEPRECATED_OBJC_IMPLEMENTATIONS = YES;
				CLANG_WARN_DIRECT_OBJC_ISA_USAGE = YES_ERROR;
				CLANG_WARN_DOCUMENTATION_COMMENTS = YES;
				CLANG_WARN_EMPTY_BODY = YES;
				CLANG_WARN_ENUM_CONVERSION = YES;
				CLANG_WARN_INFINITE_RECURSION = YES;
				CLANG_WARN_INT_CONVERSION = YES;
				CLANG_WARN_NON_LITERAL_NULL_CONVERSION = YES;
				CLANG_WARN_OBJC_IMPLICIT_RETAIN_SELF = YES;
				CLANG_WARN_OBJC_LITERAL_CONVERSION = YES;
				CLANG_WARN_OBJC_ROOT_CLASS = YES_ERROR;
				CLANG_WARN_RANGE_LOOP_ANALYSIS = YES;
				CLANG_WARN_STRICT_PROTOTYPES = YES;
				CLANG_WARN_SUSPICIOUS_MOVE = YES;
				CLANG_WARN_UNGUARDED_AVAILABILITY = YES_AGGRESSIVE;
				CLANG_WARN_UNREACHABLE_CODE = YES;
				CLANG_WARN__DUPLICATE_METHOD_MATCH = YES;
				COPY_PHASE_STRIP = NO;
				DEBUG_INFORMATION_FORMAT = "dwarf-with-dsym";
				ENABLE_NS_ASSERTIONS = NO;
				ENABLE_STRICT_OBJC_MSGSEND = YES;
				GCC_C_LANGUAGE_STANDARD = gnu11;
				GCC_NO_COMMON_BLOCKS = YES;
				GCC_WARN_64_TO_32_BIT_CONVERSION = YES;
				GCC_WARN_ABOUT_RETURN_TYPE = YES_ERROR;
				GCC_WARN_UNDECLARED_SELECTOR = YES;
				GCC_WARN_UNINITIALIZED_AUTOS = YES_AGGRESSIVE;
				GCC_WARN_UNUSED_FUNCTION = YES;
				GCC_WARN_UNUSED_VARIABLE = YES;
				IPHONEOS_DEPLOYMENT_TARGET = 13.2;
				MTL_ENABLE_DEBUG_INFO = NO;
				MTL_FAST_MATH = YES;
				SDKROOT = iphoneos;
				SWIFT_COMPILATION_MODE = wholemodule;
				SWIFT_OPTIMIZATION_LEVEL = "-O";
				VALIDATE_PRODUCT = YES;
			};
			name = Release;
		};
		4637867A2466D6D000B77415 /* Debug */ = {
			isa = XCBuildConfiguration;
			buildSettings = {
				ASSETCATALOG_COMPILER_APPICON_NAME = AppIcon;
				CODE_SIGN_STYLE = Automatic;
				DEVELOPMENT_TEAM = GB5Q295YX5;
				INFOPLIST_FILE = "swift-metal-engine/Supporting Files/Info.plist";
				LD_RUNPATH_SEARCH_PATHS = (
					"$(inherited)",
					"@executable_path/Frameworks",
				);
				PRODUCT_BUNDLE_IDENTIFIER = "com.christophebugnon.swift-metal-engine";
				PRODUCT_NAME = "$(TARGET_NAME)";
				SWIFT_VERSION = 5.0;
				TARGETED_DEVICE_FAMILY = 1;
			};
			name = Debug;
		};
		4637867B2466D6D000B77415 /* Release */ = {
			isa = XCBuildConfiguration;
			buildSettings = {
				ASSETCATALOG_COMPILER_APPICON_NAME = AppIcon;
				CODE_SIGN_STYLE = Automatic;
				DEVELOPMENT_TEAM = GB5Q295YX5;
				INFOPLIST_FILE = "swift-metal-engine/Supporting Files/Info.plist";
				LD_RUNPATH_SEARCH_PATHS = (
					"$(inherited)",
					"@executable_path/Frameworks",
				);
				PRODUCT_BUNDLE_IDENTIFIER = "com.christophebugnon.swift-metal-engine";
				PRODUCT_NAME = "$(TARGET_NAME)";
				SWIFT_VERSION = 5.0;
				TARGETED_DEVICE_FAMILY = 1;
			};
			name = Release;
		};
/* End XCBuildConfiguration section */

/* Begin XCConfigurationList section */
		463786602466D6CF00B77415 /* Build configuration list for PBXProject "swift-metal-engine" */ = {
			isa = XCConfigurationList;
			buildConfigurations = (
				463786772466D6D000B77415 /* Debug */,
				463786782466D6D000B77415 /* Release */,
			);
			defaultConfigurationIsVisible = 0;
			defaultConfigurationName = Release;
		};
		463786792466D6D000B77415 /* Build configuration list for PBXNativeTarget "swift-metal-engine" */ = {
			isa = XCConfigurationList;
			buildConfigurations = (
				4637867A2466D6D000B77415 /* Debug */,
				4637867B2466D6D000B77415 /* Release */,
			);
			defaultConfigurationIsVisible = 0;
			defaultConfigurationName = Release;
		};
/* End XCConfigurationList section */
	};
	rootObject = 4637865D2466D6CF00B77415 /* Project object */;
}
